
Microsoft Visual Studio Solution File, Format Version 11.00
# Visual Studio 2010
Project("{FAE04EC0-301F-11D3-BF4B-00C04F79EFBC}") = "Domain", "Domain\Domain.csproj", "{0D8888C1-4D91-4172-9BD4-5AFED515289E}"
EndProject
Project("{FAE04EC0-301F-11D3-BF4B-00C04F79EFBC}") = "Events", "Events\Events.csproj", "{4C93B9B3-783A-4C9E-B6E0-A764F4EB9600}"
EndProject
Global
	GlobalSection(SolutionConfigurationPlatforms) = preSolution
		Debug|Any CPU = Debug|Any CPU
		Release|Any CPU = Release|Any CPU
	EndGlobalSection
	GlobalSection(ProjectConfigurationPlatforms) = postSolution
		{0D8888C1-4D91-4172-9BD4-5AFED515289E}.Debug|Any CPU.ActiveCfg = Debug|Any CPU
		{0D8888C1-4D91-4172-9BD4-5AFED515289E}.Debug|Any CPU.Build.0 = Debug|Any CPU
		{0D8888C1-4D91-4172-9BD4-5AFED515289E}.Release|Any CPU.ActiveCfg = Release|Any CPU
		{0D8888C1-4D91-4172-9BD4-5AFED515289E}.Release|Any CPU.Build.0 = Release|Any CPU
		{4C93B9B3-783A-4C9E-B6E0-A764F4EB9600}.Debug|Any CPU.ActiveCfg = Debug|Any CPU
		{4C93B9B3-783A-4C9E-B6E0-A764F4EB9600}.Debug|Any CPU.Build.0 = Debug|Any CPU
		{4C93B9B3-783A-4C9E-B6E0-A764F4EB9600}.Release|Any CPU.ActiveCfg = Release|Any CPU
		{4C93B9B3-783A-4C9E-B6E0-A764F4EB9600}.Release|Any CPU.Build.0 = Release|Any CPU
	EndGlobalSection
	GlobalSection(SolutionProperties) = preSolution
		HideSolutionNode = FALSE
	EndGlobalSection
EndGlobal
